// !$*UTF8*$!
{
	archiveVersion = 1;
	classes = {
	};
	objectVersion = 77;
	objects = {

/* Begin PBXBuildFile section */
		3215DAE52FE9E1EA00B94FCD /* PrivacyInfo.xcprivacy in Resources */ = {isa = PBXBuildFile; fileRef = 32A9AE642DC11956000B7EDE /* PrivacyInfo.xcprivacy */; };
		3215DAE62FE9E1EA00B94FCD /* PrivacyInfo.xcprivacy in Resources */ = {isa = PBXBuildFile; fileRef = 32A9AE642DC11956000B7EDE /* PrivacyInfo.xcprivacy */; };
/* End PBXBuildFile section */

/* Begin PBXContainerItemProxy section */
		321422E02FE9BA0D00BEDF1F /* PBXContainerItemProxy */ = {
			isa = PBXContainerItemProxy;
			containerPortal = 32A9ACE62DBA7B01000B7EDE /* Project object */;
			proxyType = 1;
			remoteGlobalIDString = 32F339102FE70F700007F4E2;
			remoteInfo = Bemol.macOS;
		};
/* End PBXContainerItemProxy section */

/* Begin PBXFileReference section */
		321422DC2FE9BA0D00BEDF1F /* Bemol.Tests.xctest */ = {isa = PBXFileReference; explicitFileType = wrapper.cfbundle; includeInIndex = 0; path = Bemol.Tests.xctest; sourceTree = BUILT_PRODUCTS_DIR; };
		322CBD412DD5A8CB0092E1AC /* PRIVACY.md */ = {isa = PBXFileReference; lastKnownFileType = net.daringfireball.markdown; path = PRIVACY.md; sourceTree = "<group>"; };
		324CBF902DC372B7002B3923 /* LICENSE */ = {isa = PBXFileReference; lastKnownFileType = text; path = LICENSE; sourceTree = "<group>"; };
		324CBF912DC37358002B3923 /* README.md */ = {isa = PBXFileReference; lastKnownFileType = net.daringfireball.markdown; path = README.md; sourceTree = "<group>"; };
		32A9ACEE2DBA7B01000B7EDE /* Bemol.app */ = {isa = PBXFileReference; explicitFileType = wrapper.application; includeInIndex = 0; path = Bemol.app; sourceTree = BUILT_PRODUCTS_DIR; };
		32A9AE492DBF9692000B7EDE /* Bemol.xctestplan */ = {isa = PBXFileReference; lastKnownFileType = text; path = Bemol.xctestplan; sourceTree = "<group>"; };
		32A9AE642DC11956000B7EDE /* PrivacyInfo.xcprivacy */ = {isa = PBXFileReference; lastKnownFileType = text.xml; path = PrivacyInfo.xcprivacy; sourceTree = "<group>"; };
		32F339112FE70F700007F4E2 /* Bemol.app */ = {isa = PBXFileReference; explicitFileType = wrapper.application; includeInIndex = 0; path = Bemol.app; sourceTree = BUILT_PRODUCTS_DIR; };
/* End PBXFileReference section */

/* Begin PBXFileSystemSynchronizedBuildFileExceptionSet section */
		3215DAE42FE9E18900B94FCD /* Exceptions for "macOS" folder in "Bemol.macOS" target */ = {
			isa = PBXFileSystemSynchronizedBuildFileExceptionSet;
			membershipExceptions = (
				Configurations/Debug.xcconfig,
				Configurations/Release.xcconfig,
				Configurations/Shared.xcconfig,
				Configurations/Signing.xcconfig,
				Configurations/Versioning.xcconfig,
			);
			target = 32F339102FE70F700007F4E2 /* Bemol.macOS */;
		};
		32F3398A2FE733220007F4E2 /* Exceptions for "Shared" folder in "Bemol.iOS" target */ = {
			isa = PBXFileSystemSynchronizedBuildFileExceptionSet;
			membershipExceptions = (
				App.swift,
				AppAction.swift,
				AppEffect.swift,
				AppEffectHandler.swift,
				AppEnvironment.swift,
				AppLoop.swift,
				AppState.swift,
				Models/Music/Cadence.swift,
				Models/Music/Note.swift,
				Models/Music/NoteName.swift,
				Models/Music/Octave.swift,
				Models/Music/Resolution.swift,
				Models/Practice/Level.swift,
				Models/Practice/Question.swift,
				Models/Practice/Session.swift,
				Models/Tip/Tip.swift,
				Resources/Assets.xcassets,
				Resources/Localizable.xcstrings,
				Resources/sound_font.sf2,
				Screens/AccuracyScreen.swift,
				Screens/ErrorScreen.swift,
				Screens/LevelEditorScreen.swift,
				Screens/MainScreen.swift,
				Screens/MainScreenState.swift,
				Services/Implementations/CyclicPracticeManager.swift,
				Services/Implementations/DiatonicLevelGenerator.swift,
				Services/Implementations/DiatonicNoteResolutionGenerator.swift,
				Services/Implementations/FileSessionStorage.swift,
				Services/Implementations/MIDINotePlayer.swift,
				Services/Implementations/OnboardingTipProvider.swift,
				"Services/Implementations/UserDefaults+Preferences.swift",
				Services/LevelGenerator.swift,
				Services/NotePlayer.swift,
				Services/NoteResolutionGenerator.swift,
				Services/PracticeManager.swift,
				Services/Preferences.swift,
				Services/SessionStorage.swift,
				Services/TipProvider.swift,
				Tokens/Colors.swift,
				Tokens/CornerRadii.swift,
				Tokens/Fonts.swift,
				Tokens/Spacings.swift,
				Views/Core/Action.swift,
				Views/Core/BezierPath.swift,
				Views/Core/Button.swift,
				Views/Core/CGAffineTransform.swift,
				Views/Core/Control.swift,
				Views/Core/Event.swift,
				Views/Core/Label.swift,
				Views/Core/LayoutConstraint.swift,
				Views/Core/ScrollView.swift,
				Views/Core/Touch.swift,
				Views/Core/View.swift,
				Views/Keyboard/BlackKey.swift,
				Views/Keyboard/KeyboardView.swift,
				Views/Keyboard/OctaveView.swift,
				Views/Keyboard/WhiteKey.swift,
				Views/NavBar/AccuracyRing.swift,
				Views/NavBar/NavBar.swift,
				Views/NavBar/NavBarState.swift,
				Views/NavBar/TitleView.swift,
				Views/Tip/TipPresenter.swift,
				Views/Tip/TipView.swift,
				Views/TitleBar/TitleBar.swift,
			);
			target = 32A9ACED2DBA7B01000B7EDE /* Bemol.iOS */;
		};
		32F3398B2FE733220007F4E2 /* Exceptions for "Shared" folder in "Bemol.macOS" target */ = {
			isa = PBXFileSystemSynchronizedBuildFileExceptionSet;
			membershipExceptions = (
				App.swift,
				AppAction.swift,
				AppEffect.swift,
				AppEffectHandler.swift,
				AppEnvironment.swift,
				AppLoop.swift,
				AppState.swift,
				Models/Music/Cadence.swift,
				Models/Music/Note.swift,
				Models/Music/NoteName.swift,
				Models/Music/Octave.swift,
				Models/Music/Resolution.swift,
				Models/Practice/Level.swift,
				Models/Practice/Question.swift,
				Models/Practice/Session.swift,
				Models/Tip/Tip.swift,
				Resources/Assets.xcassets,
				Resources/Localizable.xcstrings,
				Resources/sound_font.sf2,
				Screens/AccuracyScreen.swift,
				Screens/ErrorScreen.swift,
				Screens/LevelEditorScreen.swift,
				Screens/MainScreen.swift,
				Screens/MainScreenState.swift,
				Services/Implementations/CyclicPracticeManager.swift,
				Services/Implementations/DiatonicLevelGenerator.swift,
				Services/Implementations/DiatonicNoteResolutionGenerator.swift,
				Services/Implementations/FileSessionStorage.swift,
				Services/Implementations/MIDINotePlayer.swift,
				Services/Implementations/OnboardingTipProvider.swift,
				"Services/Implementations/UserDefaults+Preferences.swift",
				Services/LevelGenerator.swift,
				Services/NotePlayer.swift,
				Services/NoteResolutionGenerator.swift,
				Services/PracticeManager.swift,
				Services/Preferences.swift,
				Services/SessionStorage.swift,
				Services/TipProvider.swift,
				Tokens/Colors.swift,
				Tokens/CornerRadii.swift,
				Tokens/Fonts.swift,
				Tokens/Spacings.swift,
				Views/Core/Action.swift,
				Views/Core/BezierPath.swift,
				Views/Core/Button.swift,
				Views/Core/CGAffineTransform.swift,
				Views/Core/Control.swift,
				Views/Core/Event.swift,
				Views/Core/Label.swift,
				Views/Core/LayoutConstraint.swift,
				Views/Core/ScrollView.swift,
				Views/Core/Touch.swift,
				Views/Core/View.swift,
				Views/Keyboard/BlackKey.swift,
				Views/Keyboard/KeyboardView.swift,
				Views/Keyboard/OctaveView.swift,
				Views/Keyboard/WhiteKey.swift,
				Views/NavBar/AccuracyRing.swift,
				Views/NavBar/NavBar.swift,
				Views/NavBar/NavBarState.swift,
				Views/NavBar/TitleView.swift,
				Views/Tip/TipPresenter.swift,
				Views/Tip/TipView.swift,
				Views/TitleBar/TitleBar.swift,
			);
			target = 32F339102FE70F700007F4E2 /* Bemol.macOS */;
		};
		32F339A92FE734E70007F4E2 /* Exceptions for "iOS" folder in "Bemol.iOS" target */ = {
			isa = PBXFileSystemSynchronizedBuildFileExceptionSet;
			membershipExceptions = (
				"Bemol-iOS-Info.plist",
				Configurations/Debug.xcconfig,
				Configurations/Release.xcconfig,
				Configurations/Shared.xcconfig,
				Configurations/Signing.xcconfig,
				Configurations/Versioning.xcconfig,
				Scripts/next_build_version.sh,
				Scripts/next_marketing_version.sh,
				Scripts/test.sh,
				Scripts/upload_to_testflight.sh,
			);
			target = 32A9ACED2DBA7B01000B7EDE /* Bemol.iOS */;
		};
/* End PBXFileSystemSynchronizedBuildFileExceptionSet section */

/* Begin PBXFileSystemSynchronizedRootGroup section */
		321422DD2FE9BA0D00BEDF1F /* Tests */ = {
			isa = PBXFileSystemSynchronizedRootGroup;
			path = Tests;
			sourceTree = "<group>";
		};
		32A9ACF02DBA7B01000B7EDE /* iOS */ = {
			isa = PBXFileSystemSynchronizedRootGroup;
			exceptions = (
				32F339A92FE734E70007F4E2 /* Exceptions for "iOS" folder in "Bemol.iOS" target */,
			);
			path = iOS;
			sourceTree = "<group>";
		};
		32F339122FE70F700007F4E2 /* macOS */ = {
			isa = PBXFileSystemSynchronizedRootGroup;
			exceptions = (
				3215DAE42FE9E18900B94FCD /* Exceptions for "macOS" folder in "Bemol.macOS" target */,
			);
			path = macOS;
			sourceTree = "<group>";
		};
		32F339892FE733180007F4E2 /* Shared */ = {
			isa = PBXFileSystemSynchronizedRootGroup;
			exceptions = (
				32F3398B2FE733220007F4E2 /* Exceptions for "Shared" folder in "Bemol.macOS" target */,
				32F3398A2FE733220007F4E2 /* Exceptions for "Shared" folder in "Bemol.iOS" target */,
			);
			path = Shared;
			sourceTree = "<group>";
		};
/* End PBXFileSystemSynchronizedRootGroup section */

/* Begin PBXFrameworksBuildPhase section */
		321422D92FE9BA0D00BEDF1F /* Frameworks */ = {
			isa = PBXFrameworksBuildPhase;
			buildActionMask = 2147483647;
			files = (
			);
			runOnlyForDeploymentPostprocessing = 0;
		};
		32A9ACEB2DBA7B01000B7EDE /* Frameworks */ = {
			isa = PBXFrameworksBuildPhase;
			buildActionMask = 2147483647;
			files = (
			);
			runOnlyForDeploymentPostprocessing = 0;
		};
		32F3390E2FE70F700007F4E2 /* Frameworks */ = {
			isa = PBXFrameworksBuildPhase;
			buildActionMask = 2147483647;
			files = (
			);
			runOnlyForDeploymentPostprocessing = 0;
		};
/* End PBXFrameworksBuildPhase section */

/* Begin PBXGroup section */
		32A9ACE52DBA7B01000B7EDE = {
			isa = PBXGroup;
			children = (
				32F339892FE733180007F4E2 /* Shared */,
				32A9ACF02DBA7B01000B7EDE /* iOS */,
				32F339122FE70F700007F4E2 /* macOS */,
				321422DD2FE9BA0D00BEDF1F /* Tests */,
				32A9AE492DBF9692000B7EDE /* Bemol.xctestplan */,
				322CBD412DD5A8CB0092E1AC /* PRIVACY.md */,
				32A9AE642DC11956000B7EDE /* PrivacyInfo.xcprivacy */,
				324CBF902DC372B7002B3923 /* LICENSE */,
				324CBF912DC37358002B3923 /* README.md */,
				32A9ACEF2DBA7B01000B7EDE /* Products */,
			);
			sourceTree = "<group>";
		};
		32A9ACEF2DBA7B01000B7EDE /* Products */ = {
			isa = PBXGroup;
			children = (
				32A9ACEE2DBA7B01000B7EDE /* Bemol.app */,
				32F339112FE70F700007F4E2 /* Bemol.app */,
				321422DC2FE9BA0D00BEDF1F /* Bemol.Tests.xctest */,
			);
			name = Products;
			sourceTree = "<group>";
		};
/* End PBXGroup section */

/* Begin PBXNativeTarget section */
		321422DB2FE9BA0D00BEDF1F /* Bemol.Tests */ = {
			isa = PBXNativeTarget;
			buildConfigurationList = 321422E22FE9BA0D00BEDF1F /* Build configuration list for PBXNativeTarget "Bemol.Tests" */;
			buildPhases = (
				321422D82FE9BA0D00BEDF1F /* Sources */,
				321422D92FE9BA0D00BEDF1F /* Frameworks */,
				321422DA2FE9BA0D00BEDF1F /* Resources */,
			);
			buildRules = (
			);
			dependencies = (
				321422E12FE9BA0D00BEDF1F /* PBXTargetDependency */,
			);
			fileSystemSynchronizedGroups = (
				321422DD2FE9BA0D00BEDF1F /* Tests */,
			);
			name = Bemol.Tests;
			packageProductDependencies = (
			);
			productName = Tests;
			productReference = 321422DC2FE9BA0D00BEDF1F /* Bemol.Tests.xctest */;
			productType = "com.apple.product-type.bundle.unit-test";
		};
		32A9ACED2DBA7B01000B7EDE /* Bemol.iOS */ = {
			isa = PBXNativeTarget;
			buildConfigurationList = 32A9AD1A2DBA7B03000B7EDE /* Build configuration list for PBXNativeTarget "Bemol.iOS" */;
			buildPhases = (
				32A9ACEA2DBA7B01000B7EDE /* Sources */,
				32A9ACEB2DBA7B01000B7EDE /* Frameworks */,
				32A9ACEC2DBA7B01000B7EDE /* Resources */,
			);
			buildRules = (
			);
			dependencies = (
			);
			fileSystemSynchronizedGroups = (
				32A9ACF02DBA7B01000B7EDE /* iOS */,
			);
			name = Bemol.iOS;
			packageProductDependencies = (
			);
			productName = Bemol;
			productReference = 32A9ACEE2DBA7B01000B7EDE /* Bemol.app */;
			productType = "com.apple.product-type.application";
		};
		32F339102FE70F700007F4E2 /* Bemol.macOS */ = {
			isa = PBXNativeTarget;
			buildConfigurationList = 32F339382FE70F710007F4E2 /* Build configuration list for PBXNativeTarget "Bemol.macOS" */;
			buildPhases = (
				32F3390D2FE70F700007F4E2 /* Sources */,
				32F3390E2FE70F700007F4E2 /* Frameworks */,
				32F3390F2FE70F700007F4E2 /* Resources */,
			);
			buildRules = (
			);
			dependencies = (
			);
			fileSystemSynchronizedGroups = (
				32F339122FE70F700007F4E2 /* macOS */,
			);
			name = Bemol.macOS;
			packageProductDependencies = (
			);
			productName = "Bemol-macOS";
			productReference = 32F339112FE70F700007F4E2 /* Bemol.app */;
			productType = "com.apple.product-type.application";
		};
/* End PBXNativeTarget section */

/* Begin PBXProject section */
		32A9ACE62DBA7B01000B7EDE /* Project object */ = {
			isa = PBXProject;
			attributes = {
				BuildIndependentTargetsInParallel = 1;
				LastSwiftUpdateCheck = 2650;
				LastUpgradeCheck = 2650;
				TargetAttributes = {
					321422DB2FE9BA0D00BEDF1F = {
						CreatedOnToolsVersion = 26.5;
						TestTargetID = 32F339102FE70F700007F4E2;
					};
					32A9ACED2DBA7B01000B7EDE = {
						CreatedOnToolsVersion = 16.2;
					};
					32F339102FE70F700007F4E2 = {
						CreatedOnToolsVersion = 26.5;
					};
				};
			};
			buildConfigurationList = 32A9ACE92DBA7B01000B7EDE /* Build configuration list for PBXProject "Bemol" */;
			developmentRegion = en;
			hasScannedForEncodings = 0;
			knownRegions = (
				en,
				Base,
				fr,
				sv,
			);
			mainGroup = 32A9ACE52DBA7B01000B7EDE;
			minimizedProjectReferenceProxies = 1;
			preferredProjectObjectVersion = 77;
			productRefGroup = 32A9ACEF2DBA7B01000B7EDE /* Products */;
			projectDirPath = "";
			projectRoot = "";
			targets = (
				32F339102FE70F700007F4E2 /* Bemol.macOS */,
				32A9ACED2DBA7B01000B7EDE /* Bemol.iOS */,
				321422DB2FE9BA0D00BEDF1F /* Bemol.Tests */,
			);
		};
/* End PBXProject section */

/* Begin PBXResourcesBuildPhase section */
		321422DA2FE9BA0D00BEDF1F /* Resources */ = {
			isa = PBXResourcesBuildPhase;
			buildActionMask = 2147483647;
			files = (
			);
			runOnlyForDeploymentPostprocessing = 0;
		};
		32A9ACEC2DBA7B01000B7EDE /* Resources */ = {
			isa = PBXResourcesBuildPhase;
			buildActionMask = 2147483647;
			files = (
				3215DAE62FE9E1EA00B94FCD /* PrivacyInfo.xcprivacy in Resources */,
			);
			runOnlyForDeploymentPostprocessing = 0;
		};
		32F3390F2FE70F700007F4E2 /* Resources */ = {
			isa = PBXResourcesBuildPhase;
			buildActionMask = 2147483647;
			files = (
				3215DAE52FE9E1EA00B94FCD /* PrivacyInfo.xcprivacy in Resources */,
			);
			runOnlyForDeploymentPostprocessing = 0;
		};
/* End PBXResourcesBuildPhase section */

/* Begin PBXSourcesBuildPhase section */
		321422D82FE9BA0D00BEDF1F /* Sources */ = {
			isa = PBXSourcesBuildPhase;
			buildActionMask = 2147483647;
			files = (
			);
			runOnlyForDeploymentPostprocessing = 0;
		};
		32A9ACEA2DBA7B01000B7EDE /* Sources */ = {
			isa = PBXSourcesBuildPhase;
			buildActionMask = 2147483647;
			files = (
			);
			runOnlyForDeploymentPostprocessing = 0;
		};
		32F3390D2FE70F700007F4E2 /* Sources */ = {
			isa = PBXSourcesBuildPhase;
			buildActionMask = 2147483647;
			files = (
			);
			runOnlyForDeploymentPostprocessing = 0;
		};
/* End PBXSourcesBuildPhase section */

/* Begin PBXTargetDependency section */
		321422E12FE9BA0D00BEDF1F /* PBXTargetDependency */ = {
			isa = PBXTargetDependency;
			target = 32F339102FE70F700007F4E2 /* Bemol.macOS */;
			targetProxy = 321422E02FE9BA0D00BEDF1F /* PBXContainerItemProxy */;
		};
/* End PBXTargetDependency section */

/* Begin XCBuildConfiguration section */
		321422E32FE9BA0D00BEDF1F /* Debug */ = {
			isa = XCBuildConfiguration;
			buildSettings = {
				BUNDLE_LOADER = "$(TEST_HOST)";
				CODE_SIGN_STYLE = Automatic;
				CURRENT_PROJECT_VERSION = 1;
				GENERATE_INFOPLIST_FILE = YES;
				MACOSX_DEPLOYMENT_TARGET = 26.5;
				MARKETING_VERSION = 1.0;
				PRODUCT_BUNDLE_IDENTIFIER = com.tchirou.apps.bemol.tests;
				PRODUCT_NAME = "$(TARGET_NAME)";
				SDKROOT = macosx;
				STRING_CATALOG_GENERATE_SYMBOLS = NO;
				SWIFT_APPROACHABLE_CONCURRENCY = YES;
				SWIFT_EMIT_LOC_STRINGS = NO;
				SWIFT_UPCOMING_FEATURE_MEMBER_IMPORT_VISIBILITY = YES;
				SWIFT_VERSION = 5.0;
				TEST_HOST = "$(BUILT_PRODUCTS_DIR)/Bemol.app/$(BUNDLE_EXECUTABLE_FOLDER_PATH)/Bemol";
			};
			name = Debug;
		};
		321422E42FE9BA0D00BEDF1F /* Release */ = {
			isa = XCBuildConfiguration;
			buildSettings = {
				BUNDLE_LOADER = "$(TEST_HOST)";
				CODE_SIGN_STYLE = Automatic;
				CURRENT_PROJECT_VERSION = 1;
				GENERATE_INFOPLIST_FILE = YES;
				MACOSX_DEPLOYMENT_TARGET = 26.5;
				MARKETING_VERSION = 1.0;
				PRODUCT_BUNDLE_IDENTIFIER = com.tchirou.apps.bemol.tests;
				PRODUCT_NAME = "$(TARGET_NAME)";
				SDKROOT = macosx;
				STRING_CATALOG_GENERATE_SYMBOLS = NO;
				SWIFT_APPROACHABLE_CONCURRENCY = YES;
				SWIFT_EMIT_LOC_STRINGS = NO;
				SWIFT_UPCOMING_FEATURE_MEMBER_IMPORT_VISIBILITY = YES;
				SWIFT_VERSION = 5.0;
				TEST_HOST = "$(BUILT_PRODUCTS_DIR)/Bemol.app/$(BUNDLE_EXECUTABLE_FOLDER_PATH)/Bemol";
			};
			name = Release;
		};
		32A9AD1B2DBA7B03000B7EDE /* Debug */ = {
			isa = XCBuildConfiguration;
			baseConfigurationReferenceAnchor = 32A9ACF02DBA7B01000B7EDE /* iOS */;
			baseConfigurationReferenceRelativePath = Configurations/Debug.xcconfig;
			buildSettings = {
				ASSETCATALOG_COMPILER_APPICON_NAME = AppIcon;
				ASSETCATALOG_COMPILER_GLOBAL_ACCENT_COLOR_NAME = AccentColor;
				CODE_SIGN_IDENTITY = "Apple Development";
				CODE_SIGN_STYLE = Automatic;
				CURRENT_PROJECT_VERSION = "$(CURRENT_PROJECT_VERSION)";
				DEVELOPMENT_TEAM = "$(DEVELOPMENT_TEAM)";
				GENERATE_INFOPLIST_FILE = YES;
				INFOPLIST_FILE = "iOS/Bemol-iOS-Info.plist";
				INFOPLIST_KEY_CFBundleDisplayName = Bemol;
				INFOPLIST_KEY_LSApplicationCategoryType = "public.app-category.education";
				INFOPLIST_KEY_UIApplicationSupportsIndirectInputEvents = YES;
				INFOPLIST_KEY_UILaunchStoryboardName = LaunchScreen;
				INFOPLIST_KEY_UIStatusBarStyle = "";
				INFOPLIST_KEY_UISupportedInterfaceOrientations = "UIInterfaceOrientationLandscapeLeft UIInterfaceOrientationLandscapeRight";
				INFOPLIST_KEY_UISupportedInterfaceOrientations_iPad = "UIInterfaceOrientationLandscapeLeft UIInterfaceOrientationLandscapeRight";
				LD_RUNPATH_SEARCH_PATHS = (
					"$(inherited)",
					"@executable_path/Frameworks",
				);
				MARKETING_VERSION = "$(MARKETING_VERSION)";
				PRODUCT_BUNDLE_IDENTIFIER = com.tchirou.apps.bemol.ios;
				PRODUCT_NAME = "$(PRODUCT_NAME)";
				PROVISIONING_PROFILE_SPECIFIER = "";
				SUPPORTED_PLATFORMS = "iphoneos iphonesimulator";
				SUPPORTS_MACCATALYST = NO;
				SUPPORTS_MAC_DESIGNED_FOR_IPHONE_IPAD = NO;
				SUPPORTS_XR_DESIGNED_FOR_IPHONE_IPAD = NO;
				SWIFT_EMIT_LOC_STRINGS = YES;
				SWIFT_VERSION = 6.0;
				TARGETED_DEVICE_FAMILY = "1,2";
			};
			name = Debug;
		};
		32A9AD1C2DBA7B03000B7EDE /* Release */ = {
			isa = XCBuildConfiguration;
			baseConfigurationReferenceAnchor = 32A9ACF02DBA7B01000B7EDE /* iOS */;
			baseConfigurationReferenceRelativePath = Configurations/Release.xcconfig;
			buildSettings = {
				ASSETCATALOG_COMPILER_APPICON_NAME = AppIcon;
				ASSETCATALOG_COMPILER_GLOBAL_ACCENT_COLOR_NAME = AccentColor;
				CODE_SIGN_IDENTITY = "Apple Development";
				CODE_SIGN_STYLE = Automatic;
				CURRENT_PROJECT_VERSION = "$(CURRENT_PROJECT_VERSION)";
				DEVELOPMENT_TEAM = "$(DEVELOPMENT_TEAM)";
				GENERATE_INFOPLIST_FILE = YES;
				INFOPLIST_FILE = "iOS/Bemol-iOS-Info.plist";
				INFOPLIST_KEY_CFBundleDisplayName = Bemol;
				INFOPLIST_KEY_LSApplicationCategoryType = "public.app-category.education";
				INFOPLIST_KEY_UIApplicationSupportsIndirectInputEvents = YES;
				INFOPLIST_KEY_UILaunchStoryboardName = LaunchScreen;
				INFOPLIST_KEY_UIStatusBarStyle = "";
				INFOPLIST_KEY_UISupportedInterfaceOrientations = "UIInterfaceOrientationLandscapeLeft UIInterfaceOrientationLandscapeRight";
				INFOPLIST_KEY_UISupportedInterfaceOrientations_iPad = "UIInterfaceOrientationLandscapeLeft UIInterfaceOrientationLandscapeRight";
				LD_RUNPATH_SEARCH_PATHS = (
					"$(inherited)",
					"@executable_path/Frameworks",
				);
				MARKETING_VERSION = "$(MARKETING_VERSION)";
				PRODUCT_BUNDLE_IDENTIFIER = com.tchirou.apps.bemol.ios;
				PRODUCT_NAME = "$(PRODUCT_NAME)";
				PROVISIONING_PROFILE_SPECIFIER = "";
				SUPPORTED_PLATFORMS = "iphoneos iphonesimulator";
				SUPPORTS_MACCATALYST = NO;
				SUPPORTS_MAC_DESIGNED_FOR_IPHONE_IPAD = NO;
				SUPPORTS_XR_DESIGNED_FOR_IPHONE_IPAD = NO;
				SWIFT_EMIT_LOC_STRINGS = YES;
				SWIFT_VERSION = 6.0;
				TARGETED_DEVICE_FAMILY = "1,2";
			};
			name = Release;
		};
		32A9AD1D2DBA7B03000B7EDE /* Debug */ = {
			isa = XCBuildConfiguration;
			buildSettings = {
				ALWAYS_SEARCH_USER_PATHS = NO;
				ASSETCATALOG_COMPILER_GENERATE_SWIFT_ASSET_SYMBOL_EXTENSIONS = YES;
				CLANG_ANALYZER_LOCALIZABILITY_NONLOCALIZED = YES;
				CLANG_ANALYZER_NONNULL = YES;
				CLANG_ANALYZER_NUMBER_OBJECT_CONVERSION = YES_AGGRESSIVE;
				CLANG_CXX_LANGUAGE_STANDARD = "gnu++20";
				CLANG_ENABLE_MODULES = YES;
				CLANG_ENABLE_OBJC_ARC = YES;
				CLANG_ENABLE_OBJC_WEAK = YES;
				CLANG_WARN_BLOCK_CAPTURE_AUTORELEASING = YES;
				CLANG_WARN_BOOL_CONVERSION = YES;
				CLANG_WARN_COMMA = YES;
				CLANG_WARN_CONSTANT_CONVERSION = YES;
				CLANG_WARN_DEPRECATED_OBJC_IMPLEMENTATIONS = YES;
				CLANG_WARN_DIRECT_OBJC_ISA_USAGE = YES_ERROR;
				CLANG_WARN_DOCUMENTATION_COMMENTS = YES;
				CLANG_WARN_EMPTY_BODY = YES;
				CLANG_WARN_ENUM_CONVERSION = YES;
				CLANG_WARN_INFINITE_RECURSION = YES;
				CLANG_WARN_INT_CONVERSION = YES;
				CLANG_WARN_NON_LITERAL_NULL_CONVERSION = YES;
				CLANG_WARN_OBJC_IMPLICIT_RETAIN_SELF = YES;
				CLANG_WARN_OBJC_LITERAL_CONVERSION = YES;
				CLANG_WARN_OBJC_ROOT_CLASS = YES_ERROR;
				CLANG_WARN_QUOTED_INCLUDE_IN_FRAMEWORK_HEADER = YES;
				CLANG_WARN_RANGE_LOOP_ANALYSIS = YES;
				CLANG_WARN_STRICT_PROTOTYPES = YES;
				CLANG_WARN_SUSPICIOUS_MOVE = YES;
				CLANG_WARN_UNGUARDED_AVAILABILITY = YES_AGGRESSIVE;
				CLANG_WARN_UNREACHABLE_CODE = YES;
				CLANG_WARN__DUPLICATE_METHOD_MATCH = YES;
				COPY_PHASE_STRIP = NO;
				DEBUG_INFORMATION_FORMAT = dwarf;
				ENABLE_STRICT_OBJC_MSGSEND = YES;
				ENABLE_TESTABILITY = YES;
				ENABLE_USER_SCRIPT_SANDBOXING = YES;
				GCC_C_LANGUAGE_STANDARD = gnu17;
				GCC_DYNAMIC_NO_PIC = NO;
				GCC_NO_COMMON_BLOCKS = YES;
				GCC_OPTIMIZATION_LEVEL = 0;
				GCC_PREPROCESSOR_DEFINITIONS = (
					"DEBUG=1",
					"$(inherited)",
				);
				GCC_WARN_64_TO_32_BIT_CONVERSION = YES;
				GCC_WARN_ABOUT_RETURN_TYPE = YES_ERROR;
				GCC_WARN_UNDECLARED_SELECTOR = YES;
				GCC_WARN_UNINITIALIZED_AUTOS = YES_AGGRESSIVE;
				GCC_WARN_UNUSED_FUNCTION = YES;
				GCC_WARN_UNUSED_VARIABLE = YES;
				IPHONEOS_DEPLOYMENT_TARGET = 18.2;
				LOCALIZATION_PREFERS_STRING_CATALOGS = YES;
				MTL_ENABLE_DEBUG_INFO = INCLUDE_SOURCE;
				MTL_FAST_MATH = YES;
				ONLY_ACTIVE_ARCH = YES;
				SDKROOT = iphoneos;
				SWIFT_ACTIVE_COMPILATION_CONDITIONS = "DEBUG $(inherited)";
				SWIFT_EMIT_LOC_STRINGS = YES;
				SWIFT_OPTIMIZATION_LEVEL = "-Onone";
				SWIFT_VERSION = 6.0;
			};
			name = Debug;
		};
		32A9AD1E2DBA7B03000B7EDE /* Release */ = {
			isa = XCBuildConfiguration;
			buildSettings = {
				ALWAYS_SEARCH_USER_PATHS = NO;
				ASSETCATALOG_COMPILER_GENERATE_SWIFT_ASSET_SYMBOL_EXTENSIONS = YES;
				CLANG_ANALYZER_LOCALIZABILITY_NONLOCALIZED = YES;
				CLANG_ANALYZER_NONNULL = YES;
				CLANG_ANALYZER_NUMBER_OBJECT_CONVERSION = YES_AGGRESSIVE;
				CLANG_CXX_LANGUAGE_STANDARD = "gnu++20";
				CLANG_ENABLE_MODULES = YES;
				CLANG_ENABLE_OBJC_ARC = YES;
				CLANG_ENABLE_OBJC_WEAK = YES;
				CLANG_WARN_BLOCK_CAPTURE_AUTORELEASING = YES;
				CLANG_WARN_BOOL_CONVERSION = YES;
				CLANG_WARN_COMMA = YES;
				CLANG_WARN_CONSTANT_CONVERSION = YES;
				CLANG_WARN_DEPRECATED_OBJC_IMPLEMENTATIONS = YES;
				CLANG_WARN_DIRECT_OBJC_ISA_USAGE = YES_ERROR;
				CLANG_WARN_DOCUMENTATION_COMMENTS = YES;
				CLANG_WARN_EMPTY_BODY = YES;
				CLANG_WARN_ENUM_CONVERSION = YES;
				CLANG_WARN_INFINITE_RECURSION = YES;
				CLANG_WARN_INT_CONVERSION = YES;
				CLANG_WARN_NON_LITERAL_NULL_CONVERSION = YES;
				CLANG_WARN_OBJC_IMPLICIT_RETAIN_SELF = YES;
				CLANG_WARN_OBJC_LITERAL_CONVERSION = YES;
				CLANG_WARN_OBJC_ROOT_CLASS = YES_ERROR;
				CLANG_WARN_QUOTED_INCLUDE_IN_FRAMEWORK_HEADER = YES;
				CLANG_WARN_RANGE_LOOP_ANALYSIS = YES;
				CLANG_WARN_STRICT_PROTOTYPES = YES;
				CLANG_WARN_SUSPICIOUS_MOVE = YES;
				CLANG_WARN_UNGUARDED_AVAILABILITY = YES_AGGRESSIVE;
				CLANG_WARN_UNREACHABLE_CODE = YES;
				CLANG_WARN__DUPLICATE_METHOD_MATCH = YES;
				COPY_PHASE_STRIP = NO;
				DEBUG_INFORMATION_FORMAT = "dwarf-with-dsym";
				ENABLE_NS_ASSERTIONS = NO;
				ENABLE_STRICT_OBJC_MSGSEND = YES;
				ENABLE_USER_SCRIPT_SANDBOXING = YES;
				GCC_C_LANGUAGE_STANDARD = gnu17;
				GCC_NO_COMMON_BLOCKS = YES;
				GCC_WARN_64_TO_32_BIT_CONVERSION = YES;
				GCC_WARN_ABOUT_RETURN_TYPE = YES_ERROR;
				GCC_WARN_UNDECLARED_SELECTOR = YES;
				GCC_WARN_UNINITIALIZED_AUTOS = YES_AGGRESSIVE;
				GCC_WARN_UNUSED_FUNCTION = YES;
				GCC_WARN_UNUSED_VARIABLE = YES;
				IPHONEOS_DEPLOYMENT_TARGET = 18.2;
				LOCALIZATION_PREFERS_STRING_CATALOGS = YES;
				MTL_ENABLE_DEBUG_INFO = NO;
				MTL_FAST_MATH = YES;
				SDKROOT = iphoneos;
				SWIFT_COMPILATION_MODE = wholemodule;
				SWIFT_EMIT_LOC_STRINGS = YES;
				SWIFT_VERSION = 6.0;
				VALIDATE_PRODUCT = YES;
			};
			name = Release;
		};
		32F339322FE70F710007F4E2 /* Debug */ = {
			isa = XCBuildConfiguration;
			baseConfigurationReferenceAnchor = 32F339122FE70F700007F4E2 /* macOS */;
			baseConfigurationReferenceRelativePath = Configurations/Debug.xcconfig;
			buildSettings = {
				ASSETCATALOG_COMPILER_APPICON_NAME = AppIcon;
				ASSETCATALOG_COMPILER_GLOBAL_ACCENT_COLOR_NAME = AccentColor;
				ASSETCATALOG_COMPILER_INCLUDE_ALL_APPICON_ASSETS = YES;
				CODE_SIGN_STYLE = Automatic;
				COMBINE_HIDPI_IMAGES = YES;
				CURRENT_PROJECT_VERSION = 1;
				DEVELOPMENT_TEAM = "";
				ENABLE_APP_SANDBOX = YES;
				ENABLE_HARDENED_RUNTIME = YES;
				ENABLE_INCOMING_NETWORK_CONNECTIONS = NO;
				ENABLE_OUTGOING_NETWORK_CONNECTIONS = NO;
				ENABLE_RESOURCE_ACCESS_AUDIO_INPUT = NO;
				ENABLE_RESOURCE_ACCESS_BLUETOOTH = NO;
				ENABLE_RESOURCE_ACCESS_CALENDARS = NO;
				ENABLE_RESOURCE_ACCESS_CAMERA = NO;
				ENABLE_RESOURCE_ACCESS_CONTACTS = NO;
				ENABLE_RESOURCE_ACCESS_LOCATION = NO;
				ENABLE_RESOURCE_ACCESS_PRINTING = NO;
				ENABLE_RESOURCE_ACCESS_USB = NO;
				ENABLE_USER_SELECTED_FILES = readonly;
				GENERATE_INFOPLIST_FILE = YES;
				INFOPLIST_KEY_CFBundleDisplayName = Bemol;
				INFOPLIST_KEY_NSHumanReadableCopyright = "";
				INFOPLIST_KEY_NSPrincipalClass = NSApplication;
				LD_RUNPATH_SEARCH_PATHS = (
					"$(inherited)",
					"@executable_path/../Frameworks",
				);
				MACOSX_DEPLOYMENT_TARGET = 26.5;
				MARKETING_VERSION = 1.0;
				PRODUCT_BUNDLE_IDENTIFIER = com.tchirou.apps.bemol.macos;
				PRODUCT_NAME = "$(PRODUCT_NAME)";
				REGISTER_APP_GROUPS = YES;
				SDKROOT = macosx;
				STRING_CATALOG_GENERATE_SYMBOLS = YES;
				SWIFT_APPROACHABLE_CONCURRENCY = NO;
				SWIFT_DEFAULT_ACTOR_ISOLATION = MainActor;
				SWIFT_EMIT_LOC_STRINGS = YES;
				SWIFT_UPCOMING_FEATURE_MEMBER_IMPORT_VISIBILITY = YES;
				SWIFT_VERSION = 6.0;
			};
			name = Debug;
		};
		32F339332FE70F710007F4E2 /* Release */ = {
			isa = XCBuildConfiguration;
			baseConfigurationReferenceAnchor = 32F339122FE70F700007F4E2 /* macOS */;
			baseConfigurationReferenceRelativePath = Configurations/Release.xcconfig;
			buildSettings = {
				ASSETCATALOG_COMPILER_APPICON_NAME = AppIcon;
				ASSETCATALOG_COMPILER_GLOBAL_ACCENT_COLOR_NAME = AccentColor;
				ASSETCATALOG_COMPILER_INCLUDE_ALL_APPICON_ASSETS = YES;
				CODE_SIGN_STYLE = Automatic;
				COMBINE_HIDPI_IMAGES = YES;
				CURRENT_PROJECT_VERSION = 1;
				DEVELOPMENT_TEAM = "";
				ENABLE_APP_SANDBOX = YES;
				ENABLE_HARDENED_RUNTIME = YES;
				ENABLE_INCOMING_NETWORK_CONNECTIONS = NO;
				ENABLE_OUTGOING_NETWORK_CONNECTIONS = NO;
				ENABLE_RESOURCE_ACCESS_AUDIO_INPUT = NO;
				ENABLE_RESOURCE_ACCESS_BLUETOOTH = NO;
				ENABLE_RESOURCE_ACCESS_CALENDARS = NO;
				ENABLE_RESOURCE_ACCESS_CAMERA = NO;
				ENABLE_RESOURCE_ACCESS_CONTACTS = NO;
				ENABLE_RESOURCE_ACCESS_LOCATION = NO;
				ENABLE_RESOURCE_ACCESS_PRINTING = NO;
				ENABLE_RESOURCE_ACCESS_USB = NO;
				ENABLE_USER_SELECTED_FILES = readonly;
				GENERATE_INFOPLIST_FILE = YES;
				INFOPLIST_KEY_CFBundleDisplayName = Bemol;
				INFOPLIST_KEY_NSHumanReadableCopyright = "";
				INFOPLIST_KEY_NSPrincipalClass = NSApplication;
				LD_RUNPATH_SEARCH_PATHS = (
					"$(inherited)",
					"@executable_path/../Frameworks",
				);
				MACOSX_DEPLOYMENT_TARGET = 26.5;
				MARKETING_VERSION = 1.0;
				PRODUCT_BUNDLE_IDENTIFIER = com.tchirou.apps.bemol.macos;
				PRODUCT_NAME = "$(PRODUCT_NAME)";
				REGISTER_APP_GROUPS = YES;
				SDKROOT = macosx;
				STRING_CATALOG_GENERATE_SYMBOLS = YES;
				SWIFT_APPROACHABLE_CONCURRENCY = NO;
				SWIFT_DEFAULT_ACTOR_ISOLATION = MainActor;
				SWIFT_EMIT_LOC_STRINGS = YES;
				SWIFT_UPCOMING_FEATURE_MEMBER_IMPORT_VISIBILITY = YES;
				SWIFT_VERSION = 6.0;
			};
			name = Release;
		};
/* End XCBuildConfiguration section */

/* Begin XCConfigurationList section */
		321422E22FE9BA0D00BEDF1F /* Build configuration list for PBXNativeTarget "Bemol.Tests" */ = {
			isa = XCConfigurationList;
			buildConfigurations = (
				321422E32FE9BA0D00BEDF1F /* Debug */,
				321422E42FE9BA0D00BEDF1F /* Release */,
			);
			defaultConfigurationIsVisible = 0;
			defaultConfigurationName = Release;
		};
		32A9ACE92DBA7B01000B7EDE /* Build configuration list for PBXProject "Bemol" */ = {
			isa = XCConfigurationList;
			buildConfigurations = (
				32A9AD1D2DBA7B03000B7EDE /* Debug */,
				32A9AD1E2DBA7B03000B7EDE /* Release */,
			);
			defaultConfigurationIsVisible = 0;
			defaultConfigurationName = Release;
		};
		32A9AD1A2DBA7B03000B7EDE /* Build configuration list for PBXNativeTarget "Bemol.iOS" */ = {
			isa = XCConfigurationList;
			buildConfigurations = (
				32A9AD1B2DBA7B03000B7EDE /* Debug */,
				32A9AD1C2DBA7B03000B7EDE /* Release */,
			);
			defaultConfigurationIsVisible = 0;
			defaultConfigurationName = Release;
		};
		32F339382FE70F710007F4E2 /* Build configuration list for PBXNativeTarget "Bemol.macOS" */ = {
			isa = XCConfigurationList;
			buildConfigurations = (
				32F339322FE70F710007F4E2 /* Debug */,
				32F339332FE70F710007F4E2 /* Release */,
			);
			defaultConfigurationIsVisible = 0;
			defaultConfigurationName = Release;
		};
/* End XCConfigurationList section */
	};
	rootObject = 32A9ACE62DBA7B01000B7EDE /* Project object */;
}
